
Microsoft Visual Studio Solution File, Format Version 12.00
# Visual Studio 14
VisualStudioVersion = 14.0.25123.0
MinimumVisualStudioVersion = 10.0.40219.1
Project("{2150E333-8FDC-42A3-9474-1A3956D46DE8}") = "Components", "Components", "{87BCF615-B1C8-4BF4-BBBE-8B88613A953B}"
EndProject
Project("{FAE04EC0-301F-11D3-BF4B-00C04F79EFBC}") = "Grammophone.BetaImport", "Components\Grammophone.BetaImport\Grammophone.BetaImport.csproj", "{739C342E-5FEC-45B5-B5B6-A73FAAED5F74}"
EndProject
Project("{FAE04EC0-301F-11D3-BF4B-00C04F79EFBC}") = "Grammophone.Caching", "Components\Grammophone.Caching\Grammophone.Caching.csproj", "{2C834C5B-AA21-43FA-826E-398AB4DE25AC}"
EndProject
Project("{FAE04EC0-301F-11D3-BF4B-00C04F79EFBC}") = "Grammophone.Configuration", "Components\Grammophone.Configuration\Grammophone.Configuration.csproj", "{0F7811FD-6162-4813-9C55-6C43E67308B0}"
EndProject
Project("{FAE04EC0-301F-11D3-BF4B-00C04F79EFBC}") = "Grammophone.CRF", "Components\Grammophone.CRF\Grammophone.CRF.csproj", "{4959C391-BEA5-4DC4-AE66-4A14D044E2B6}"
EndProject
Project("{FAE04EC0-301F-11D3-BF4B-00C04F79EFBC}") = "Grammophone.DataStreaming", "Components\Grammophone.DataStreaming\Grammophone.DataStreaming.csproj", "{9841E0B6-915B-4EC6-B2EC-43A83E112C91}"
EndProject
Project("{FAE04EC0-301F-11D3-BF4B-00C04F79EFBC}") = "Grammophone.DataStreaming.Azure", "Components\Grammophone.DataStreaming.Azure\Grammophone.DataStreaming.Azure.csproj", "{A7D43654-D7EA-4563-A92E-0B7BAD7D2DB5}"
EndProject
Project("{FAE04EC0-301F-11D3-BF4B-00C04F79EFBC}") = "Grammophone.GenericContentModel", "Components\Grammophone.GenericContentModel\Grammophone.GenericContentModel.csproj", "{79D2D4C7-C8DE-4F11-93ED-AA4E4D2FC974}"
EndProject
Project("{FAE04EC0-301F-11D3-BF4B-00C04F79EFBC}") = "Grammophone.Indexing", "Components\Grammophone.Indexing\Grammophone.Indexing.csproj", "{937A024F-5DC5-4CA6-864E-BF5D9CB2E039}"
EndProject
Project("{FAE04EC0-301F-11D3-BF4B-00C04F79EFBC}") = "Grammophone.Kernels", "Components\Grammophone.Kernels\Grammophone.Kernels.csproj", "{D025D18B-E77C-454C-9D1A-0F6B22A51273}"
EndProject
Project("{FAE04EC0-301F-11D3-BF4B-00C04F79EFBC}") = "Grammophone.LanguageModel", "Components\Grammophone.LanguageModel\Grammophone.LanguageModel.csproj", "{5461B4B2-0832-42D5-AE04-6B2A7D4BF4DC}"
EndProject
Project("{FAE04EC0-301F-11D3-BF4B-00C04F79EFBC}") = "Grammophone.LanguageModel.Greek.Provision", "Components\Grammophone.LanguageModel.Greek.Provision\Grammophone.LanguageModel.Greek.Provision.csproj", "{4AF14526-97A0-42D4-B5A8-298239010138}"
EndProject
Project("{FAE04EC0-301F-11D3-BF4B-00C04F79EFBC}") = "Grammophone.Lexica", "Components\Grammophone.Lexica\Grammophone.Lexica.csproj", "{B69C71DF-06AC-420F-9EFD-62058E79C1DC}"
EndProject
Project("{FAE04EC0-301F-11D3-BF4B-00C04F79EFBC}") = "Grammophone.Lexica.Greek.Sources", "Components\Grammophone.Lexica.Greek.Sources\Grammophone.Lexica.Greek.Sources.csproj", "{A7E98D78-48D3-447B-ABAB-E3164B96F36F}"
EndProject
Project("{FAE04EC0-301F-11D3-BF4B-00C04F79EFBC}") = "Grammophone.Linq", "Components\Grammophone.Linq\Grammophone.Linq.csproj", "{E5B5F560-5224-49CC-B807-D13CE452D63B}"
EndProject
Project("{FAE04EC0-301F-11D3-BF4B-00C04F79EFBC}") = "Grammophone.Optimization", "Components\Grammophone.Optimization\Grammophone.Optimization.csproj", "{A86E4DEA-C3E5-44F9-8975-B15E21F0E03A}"
EndProject
Project("{FAE04EC0-301F-11D3-BF4B-00C04F79EFBC}") = "Grammophone.Parallel", "Components\Grammophone.Parallel\Grammophone.Parallel.csproj", "{7A32CFF6-1268-4CFB-BEE4-3F94DCC83028}"
EndProject
Project("{FAE04EC0-301F-11D3-BF4B-00C04F79EFBC}") = "Grammophone.SVM", "Components\Grammophone.SVM\Grammophone.SVM.csproj", "{96703F3E-23D2-4A59-B521-CD69C34B8DD0}"
EndProject
Project("{FAE04EC0-301F-11D3-BF4B-00C04F79EFBC}") = "Grammophone.Vectors", "Components\Grammophone.Vectors\Grammophone.Vectors.csproj", "{039DA284-52B0-4E55-917E-92F0CD3C5AD9}"
EndProject
Project("{FAE04EC0-301F-11D3-BF4B-00C04F79EFBC}") = "Grammophone.Serialization", "Components\Grammophone.Serialization\Grammophone.Serialization.csproj", "{B0E855CB-8A43-4623-8184-31CD4B4EBB57}"
EndProject
Project("{FAE04EC0-301F-11D3-BF4B-00C04F79EFBC}") = "Grammophone.LanguageModel.Greek.TrainingSources", "Components\Grammophone.LanguageModel.Greek.TrainingSources\Grammophone.LanguageModel.Greek.TrainingSources.csproj", "{B6D89B1C-8E28-494A-9CEE-F7F8BA4CB1EB}"
EndProject
Project("{FAE04EC0-301F-11D3-BF4B-00C04F79EFBC}") = "Grammophone.EnnounInference", "Components\Grammophone.EnnounInference\Grammophone.EnnounInference.csproj", "{9A37C026-9496-427B-87CC-B59E7A9D92E2}"
EndProject
Project("{2150E333-8FDC-42A3-9474-1A3956D46DE8}") = "Solution Items", "Solution Items", "{CA3A2DAC-957D-4DAC-87D2-2F0E1EB47BF6}"
	ProjectSection(SolutionItems) = preProject
		Performance1.psess = Performance1.psess
	EndProjectSection
EndProject
Project("{FAE04EC0-301F-11D3-BF4B-00C04F79EFBC}") = "Grammophone.Ennoun.Web", "Grammophone.Ennoun.Web\Grammophone.Ennoun.Web.csproj", "{414CED37-4D58-49C6-AD2C-79BEB438E7CC}"
EndProject
Global
	GlobalSection(Performance) = preSolution
		HasPerformanceSessions = true
	EndGlobalSection
	GlobalSection(SolutionConfigurationPlatforms) = preSolution
		Debug|Any CPU = Debug|Any CPU
		Release|Any CPU = Release|Any CPU
	EndGlobalSection
	GlobalSection(ProjectConfigurationPlatforms) = postSolution
		{739C342E-5FEC-45B5-B5B6-A73FAAED5F74}.Debug|Any CPU.ActiveCfg = Debug|Any CPU
		{739C342E-5FEC-45B5-B5B6-A73FAAED5F74}.Debug|Any CPU.Build.0 = Debug|Any CPU
		{739C342E-5FEC-45B5-B5B6-A73FAAED5F74}.Release|Any CPU.ActiveCfg = Release|Any CPU
		{739C342E-5FEC-45B5-B5B6-A73FAAED5F74}.Release|Any CPU.Build.0 = Release|Any CPU
		{2C834C5B-AA21-43FA-826E-398AB4DE25AC}.Debug|Any CPU.ActiveCfg = Debug|Any CPU
		{2C834C5B-AA21-43FA-826E-398AB4DE25AC}.Debug|Any CPU.Build.0 = Debug|Any CPU
		{2C834C5B-AA21-43FA-826E-398AB4DE25AC}.Release|Any CPU.ActiveCfg = Release|Any CPU
		{2C834C5B-AA21-43FA-826E-398AB4DE25AC}.Release|Any CPU.Build.0 = Release|Any CPU
		{0F7811FD-6162-4813-9C55-6C43E67308B0}.Debug|Any CPU.ActiveCfg = Debug|Any CPU
		{0F7811FD-6162-4813-9C55-6C43E67308B0}.Debug|Any CPU.Build.0 = Debug|Any CPU
		{0F7811FD-6162-4813-9C55-6C43E67308B0}.Release|Any CPU.ActiveCfg = Release|Any CPU
		{0F7811FD-6162-4813-9C55-6C43E67308B0}.Release|Any CPU.Build.0 = Release|Any CPU
		{4959C391-BEA5-4DC4-AE66-4A14D044E2B6}.Debug|Any CPU.ActiveCfg = Debug|Any CPU
		{4959C391-BEA5-4DC4-AE66-4A14D044E2B6}.Debug|Any CPU.Build.0 = Debug|Any CPU
		{4959C391-BEA5-4DC4-AE66-4A14D044E2B6}.Release|Any CPU.ActiveCfg = Release|Any CPU
		{4959C391-BEA5-4DC4-AE66-4A14D044E2B6}.Release|Any CPU.Build.0 = Release|Any CPU
		{9841E0B6-915B-4EC6-B2EC-43A83E112C91}.Debug|Any CPU.ActiveCfg = Debug|Any CPU
		{9841E0B6-915B-4EC6-B2EC-43A83E112C91}.Debug|Any CPU.Build.0 = Debug|Any CPU
		{9841E0B6-915B-4EC6-B2EC-43A83E112C91}.Release|Any CPU.ActiveCfg = Release|Any CPU
		{9841E0B6-915B-4EC6-B2EC-43A83E112C91}.Release|Any CPU.Build.0 = Release|Any CPU
		{A7D43654-D7EA-4563-A92E-0B7BAD7D2DB5}.Debug|Any CPU.ActiveCfg = Debug|Any CPU
		{A7D43654-D7EA-4563-A92E-0B7BAD7D2DB5}.Debug|Any CPU.Build.0 = Debug|Any CPU
		{A7D43654-D7EA-4563-A92E-0B7BAD7D2DB5}.Release|Any CPU.ActiveCfg = Release|Any CPU
		{A7D43654-D7EA-4563-A92E-0B7BAD7D2DB5}.Release|Any CPU.Build.0 = Release|Any CPU
		{79D2D4C7-C8DE-4F11-93ED-AA4E4D2FC974}.Debug|Any CPU.ActiveCfg = Debug|Any CPU
		{79D2D4C7-C8DE-4F11-93ED-AA4E4D2FC974}.Debug|Any CPU.Build.0 = Debug|Any CPU
		{79D2D4C7-C8DE-4F11-93ED-AA4E4D2FC974}.Release|Any CPU.ActiveCfg = Release|Any CPU
		{79D2D4C7-C8DE-4F11-93ED-AA4E4D2FC974}.Release|Any CPU.Build.0 = Release|Any CPU
		{937A024F-5DC5-4CA6-864E-BF5D9CB2E039}.Debug|Any CPU.ActiveCfg = Debug|Any CPU
		{937A024F-5DC5-4CA6-864E-BF5D9CB2E039}.Debug|Any CPU.Build.0 = Debug|Any CPU
		{937A024F-5DC5-4CA6-864E-BF5D9CB2E039}.Release|Any CPU.ActiveCfg = Release|Any CPU
		{937A024F-5DC5-4CA6-864E-BF5D9CB2E039}.Release|Any CPU.Build.0 = Release|Any CPU
		{D025D18B-E77C-454C-9D1A-0F6B22A51273}.Debug|Any CPU.ActiveCfg = Debug|Any CPU
		{D025D18B-E77C-454C-9D1A-0F6B22A51273}.Debug|Any CPU.Build.0 = Debug|Any CPU
		{D025D18B-E77C-454C-9D1A-0F6B22A51273}.Release|Any CPU.ActiveCfg = Release|Any CPU
		{D025D18B-E77C-454C-9D1A-0F6B22A51273}.Release|Any CPU.Build.0 = Release|Any CPU
		{5461B4B2-0832-42D5-AE04-6B2A7D4BF4DC}.Debug|Any CPU.ActiveCfg = Debug|Any CPU
		{5461B4B2-0832-42D5-AE04-6B2A7D4BF4DC}.Debug|Any CPU.Build.0 = Debug|Any CPU
		{5461B4B2-0832-42D5-AE04-6B2A7D4BF4DC}.Release|Any CPU.ActiveCfg = Release|Any CPU
		{5461B4B2-0832-42D5-AE04-6B2A7D4BF4DC}.Release|Any CPU.Build.0 = Release|Any CPU
		{4AF14526-97A0-42D4-B5A8-298239010138}.Debug|Any CPU.ActiveCfg = Debug|Any CPU
		{4AF14526-97A0-42D4-B5A8-298239010138}.Debug|Any CPU.Build.0 = Debug|Any CPU
		{4AF14526-97A0-42D4-B5A8-298239010138}.Release|Any CPU.ActiveCfg = Release|Any CPU
		{4AF14526-97A0-42D4-B5A8-298239010138}.Release|Any CPU.Build.0 = Release|Any CPU
		{B69C71DF-06AC-420F-9EFD-62058E79C1DC}.Debug|Any CPU.ActiveCfg = Debug|Any CPU
		{B69C71DF-06AC-420F-9EFD-62058E79C1DC}.Debug|Any CPU.Build.0 = Debug|Any CPU
		{B69C71DF-06AC-420F-9EFD-62058E79C1DC}.Release|Any CPU.ActiveCfg = Release|Any CPU
		{B69C71DF-06AC-420F-9EFD-62058E79C1DC}.Release|Any CPU.Build.0 = Release|Any CPU
		{A7E98D78-48D3-447B-ABAB-E3164B96F36F}.Debug|Any CPU.ActiveCfg = Debug|Any CPU
		{A7E98D78-48D3-447B-ABAB-E3164B96F36F}.Debug|Any CPU.Build.0 = Debug|Any CPU
		{A7E98D78-48D3-447B-ABAB-E3164B96F36F}.Release|Any CPU.ActiveCfg = Release|Any CPU
		{A7E98D78-48D3-447B-ABAB-E3164B96F36F}.Release|Any CPU.Build.0 = Release|Any CPU
		{E5B5F560-5224-49CC-B807-D13CE452D63B}.Debug|Any CPU.ActiveCfg = Debug|Any CPU
		{E5B5F560-5224-49CC-B807-D13CE452D63B}.Debug|Any CPU.Build.0 = Debug|Any CPU
		{E5B5F560-5224-49CC-B807-D13CE452D63B}.Release|Any CPU.ActiveCfg = Release|Any CPU
		{E5B5F560-5224-49CC-B807-D13CE452D63B}.Release|Any CPU.Build.0 = Release|Any CPU
		{A86E4DEA-C3E5-44F9-8975-B15E21F0E03A}.Debug|Any CPU.ActiveCfg = Debug|Any CPU
		{A86E4DEA-C3E5-44F9-8975-B15E21F0E03A}.Debug|Any CPU.Build.0 = Debug|Any CPU
		{A86E4DEA-C3E5-44F9-8975-B15E21F0E03A}.Release|Any CPU.ActiveCfg = Release|Any CPU
		{A86E4DEA-C3E5-44F9-8975-B15E21F0E03A}.Release|Any CPU.Build.0 = Release|Any CPU
		{7A32CFF6-1268-4CFB-BEE4-3F94DCC83028}.Debug|Any CPU.ActiveCfg = Debug|Any CPU
		{7A32CFF6-1268-4CFB-BEE4-3F94DCC83028}.Debug|Any CPU.Build.0 = Debug|Any CPU
		{7A32CFF6-1268-4CFB-BEE4-3F94DCC83028}.Release|Any CPU.ActiveCfg = Release|Any CPU
		{7A32CFF6-1268-4CFB-BEE4-3F94DCC83028}.Release|Any CPU.Build.0 = Release|Any CPU
		{96703F3E-23D2-4A59-B521-CD69C34B8DD0}.Debug|Any CPU.ActiveCfg = Debug|Any CPU
		{96703F3E-23D2-4A59-B521-CD69C34B8DD0}.Debug|Any CPU.Build.0 = Debug|Any CPU
		{96703F3E-23D2-4A59-B521-CD69C34B8DD0}.Release|Any CPU.ActiveCfg = Release|Any CPU
		{96703F3E-23D2-4A59-B521-CD69C34B8DD0}.Release|Any CPU.Build.0 = Release|Any CPU
		{039DA284-52B0-4E55-917E-92F0CD3C5AD9}.Debug|Any CPU.ActiveCfg = Debug|Any CPU
		{039DA284-52B0-4E55-917E-92F0CD3C5AD9}.Debug|Any CPU.Build.0 = Debug|Any CPU
		{039DA284-52B0-4E55-917E-92F0CD3C5AD9}.Release|Any CPU.ActiveCfg = Release|Any CPU
		{039DA284-52B0-4E55-917E-92F0CD3C5AD9}.Release|Any CPU.Build.0 = Release|Any CPU
		{B0E855CB-8A43-4623-8184-31CD4B4EBB57}.Debug|Any CPU.ActiveCfg = Debug|Any CPU
		{B0E855CB-8A43-4623-8184-31CD4B4EBB57}.Debug|Any CPU.Build.0 = Debug|Any CPU
		{B0E855CB-8A43-4623-8184-31CD4B4EBB57}.Release|Any CPU.ActiveCfg = Release|Any CPU
		{B0E855CB-8A43-4623-8184-31CD4B4EBB57}.Release|Any CPU.Build.0 = Release|Any CPU
		{B6D89B1C-8E28-494A-9CEE-F7F8BA4CB1EB}.Debug|Any CPU.ActiveCfg = Debug|Any CPU
		{B6D89B1C-8E28-494A-9CEE-F7F8BA4CB1EB}.Debug|Any CPU.Build.0 = Debug|Any CPU
		{B6D89B1C-8E28-494A-9CEE-F7F8BA4CB1EB}.Release|Any CPU.ActiveCfg = Release|Any CPU
		{B6D89B1C-8E28-494A-9CEE-F7F8BA4CB1EB}.Release|Any CPU.Build.0 = Release|Any CPU
		{9A37C026-9496-427B-87CC-B59E7A9D92E2}.Debug|Any CPU.ActiveCfg = Debug|Any CPU
		{9A37C026-9496-427B-87CC-B59E7A9D92E2}.Debug|Any CPU.Build.0 = Debug|Any CPU
		{9A37C026-9496-427B-87CC-B59E7A9D92E2}.Release|Any CPU.ActiveCfg = Release|Any CPU
		{9A37C026-9496-427B-87CC-B59E7A9D92E2}.Release|Any CPU.Build.0 = Release|Any CPU
		{414CED37-4D58-49C6-AD2C-79BEB438E7CC}.Debug|Any CPU.ActiveCfg = Debug|Any CPU
		{414CED37-4D58-49C6-AD2C-79BEB438E7CC}.Debug|Any CPU.Build.0 = Debug|Any CPU
		{414CED37-4D58-49C6-AD2C-79BEB438E7CC}.Release|Any CPU.ActiveCfg = Release|Any CPU
		{414CED37-4D58-49C6-AD2C-79BEB438E7CC}.Release|Any CPU.Build.0 = Release|Any CPU
	EndGlobalSection
	GlobalSection(SolutionProperties) = preSolution
		HideSolutionNode = FALSE
	EndGlobalSection
	GlobalSection(NestedProjects) = preSolution
		{739C342E-5FEC-45B5-B5B6-A73FAAED5F74} = {87BCF615-B1C8-4BF4-BBBE-8B88613A953B}
		{2C834C5B-AA21-43FA-826E-398AB4DE25AC} = {87BCF615-B1C8-4BF4-BBBE-8B88613A953B}
		{0F7811FD-6162-4813-9C55-6C43E67308B0} = {87BCF615-B1C8-4BF4-BBBE-8B88613A953B}
		{4959C391-BEA5-4DC4-AE66-4A14D044E2B6} = {87BCF615-B1C8-4BF4-BBBE-8B88613A953B}
		{9841E0B6-915B-4EC6-B2EC-43A83E112C91} = {87BCF615-B1C8-4BF4-BBBE-8B88613A953B}
		{A7D43654-D7EA-4563-A92E-0B7BAD7D2DB5} = {87BCF615-B1C8-4BF4-BBBE-8B88613A953B}
		{79D2D4C7-C8DE-4F11-93ED-AA4E4D2FC974} = {87BCF615-B1C8-4BF4-BBBE-8B88613A953B}
		{937A024F-5DC5-4CA6-864E-BF5D9CB2E039} = {87BCF615-B1C8-4BF4-BBBE-8B88613A953B}
		{D025D18B-E77C-454C-9D1A-0F6B22A51273} = {87BCF615-B1C8-4BF4-BBBE-8B88613A953B}
		{5461B4B2-0832-42D5-AE04-6B2A7D4BF4DC} = {87BCF615-B1C8-4BF4-BBBE-8B88613A953B}
		{4AF14526-97A0-42D4-B5A8-298239010138} = {87BCF615-B1C8-4BF4-BBBE-8B88613A953B}
		{B69C71DF-06AC-420F-9EFD-62058E79C1DC} = {87BCF615-B1C8-4BF4-BBBE-8B88613A953B}
		{A7E98D78-48D3-447B-ABAB-E3164B96F36F} = {87BCF615-B1C8-4BF4-BBBE-8B88613A953B}
		{E5B5F560-5224-49CC-B807-D13CE452D63B} = {87BCF615-B1C8-4BF4-BBBE-8B88613A953B}
		{A86E4DEA-C3E5-44F9-8975-B15E21F0E03A} = {87BCF615-B1C8-4BF4-BBBE-8B88613A953B}
		{7A32CFF6-1268-4CFB-BEE4-3F94DCC83028} = {87BCF615-B1C8-4BF4-BBBE-8B88613A953B}
		{96703F3E-23D2-4A59-B521-CD69C34B8DD0} = {87BCF615-B1C8-4BF4-BBBE-8B88613A953B}
		{039DA284-52B0-4E55-917E-92F0CD3C5AD9} = {87BCF615-B1C8-4BF4-BBBE-8B88613A953B}
		{B0E855CB-8A43-4623-8184-31CD4B4EBB57} = {87BCF615-B1C8-4BF4-BBBE-8B88613A953B}
		{B6D89B1C-8E28-494A-9CEE-F7F8BA4CB1EB} = {87BCF615-B1C8-4BF4-BBBE-8B88613A953B}
		{9A37C026-9496-427B-87CC-B59E7A9D92E2} = {87BCF615-B1C8-4BF4-BBBE-8B88613A953B}
	EndGlobalSection
EndGlobal
